Microsoft Visual Studio Solution File, Format Version 12.00
Project("{FAE04EC0-301F-11D3-BF4B-00C04F79EFBC}") = "Reactor", "Reactor\Reactor.csproj", "{91906039-9753-472B-ACC3-12C0561FFAD8}"
EndProject
Project("{FAE04EC0-301F-11D3-BF4B-00C04F79EFBC}") = "Reactor.Debugger", "Reactor.Debugger\Reactor.Debugger.csproj", "{68589B4D-9EF5-40DD-8D6D-10977ED07259}"
EndProject
Project("{FAE04EC0-301F-11D3-BF4B-00C04F79EFBC}") = "Build", "build\Build.csproj", "{58AC4924-AC3D-45EA-80D7-E9F860FD1DD2}"
EndProject
Project("{2150E333-8FDC-42A3-9474-1A3956D46DE8}") = "build", "build", "{E2F4DAFA-E98C-4A7D-BA47-AAB0271A769D}"
EndProject
Project("{FAE04EC0-301F-11D3-BF4B-00C04F79EFBC}") = "Reactor.Example", "Reactor.Example\Reactor.Example.csproj", "{26A83466-26FE-4383-A35C-B8629902F909}"
EndProject
Global
	GlobalSection(SolutionConfigurationPlatforms) = preSolution
		Debug|Any CPU = Debug|Any CPU
		Release|Any CPU = Release|Any CPU
	EndGlobalSection
	GlobalSection(ProjectConfigurationPlatforms) = postSolution
		{91906039-9753-472B-ACC3-12C0561FFAD8}.Debug|Any CPU.ActiveCfg = Debug|Any CPU
		{91906039-9753-472B-ACC3-12C0561FFAD8}.Debug|Any CPU.Build.0 = Debug|Any CPU
		{91906039-9753-472B-ACC3-12C0561FFAD8}.Release|Any CPU.ActiveCfg = Release|Any CPU
		{91906039-9753-472B-ACC3-12C0561FFAD8}.Release|Any CPU.Build.0 = Release|Any CPU
		{68589B4D-9EF5-40DD-8D6D-10977ED07259}.Debug|Any CPU.ActiveCfg = Debug|Any CPU
		{68589B4D-9EF5-40DD-8D6D-10977ED07259}.Debug|Any CPU.Build.0 = Debug|Any CPU
		{68589B4D-9EF5-40DD-8D6D-10977ED07259}.Release|Any CPU.ActiveCfg = Release|Any CPU
		{68589B4D-9EF5-40DD-8D6D-10977ED07259}.Release|Any CPU.Build.0 = Release|Any CPU
		{58AC4924-AC3D-45EA-80D7-E9F860FD1DD2}.Debug|Any CPU.ActiveCfg = Debug|Any CPU
		{58AC4924-AC3D-45EA-80D7-E9F860FD1DD2}.Release|Any CPU.ActiveCfg = Release|Any CPU
		{26A83466-26FE-4383-A35C-B8629902F909}.Debug|Any CPU.ActiveCfg = Debug|Any CPU
		{26A83466-26FE-4383-A35C-B8629902F909}.Debug|Any CPU.Build.0 = Debug|Any CPU
		{26A83466-26FE-4383-A35C-B8629902F909}.Release|Any CPU.ActiveCfg = Release|Any CPU
		{26A83466-26FE-4383-A35C-B8629902F909}.Release|Any CPU.Build.0 = Release|Any CPU
	EndGlobalSection
	GlobalSection(NestedProjects) = preSolution
		{58AC4924-AC3D-45EA-80D7-E9F860FD1DD2} = {E2F4DAFA-E98C-4A7D-BA47-AAB0271A769D}
	EndGlobalSection
EndGlobal
